
Microsoft Visual Studio Solution File, Format Version 12.00
# Visual Studio Version 16
VisualStudioVersion = 16.0.35325.158
MinimumVisualStudioVersion = 10.0.40219.1
Project("{FAE04EC0-301F-11D3-BF4B-00C04F79EFBC}") = "Vapers_Club", "Vapers_Club\Vapers_Club.csproj", "{4A6CB39F-2A37-4943-B772-8B46659D931F}"
EndProject
Global
	GlobalSection(SolutionConfigurationPlatforms) = preSolution
		Debug|Any CPU = Debug|Any CPU
		Release|Any CPU = Release|Any CPU
	EndGlobalSection
	GlobalSection(ProjectConfigurationPlatforms) = postSolution
		{4A6CB39F-2A37-4943-B772-8B46659D931F}.Debug|Any CPU.ActiveCfg = Debug|Any CPU
		{4A6CB39F-2A37-4943-B772-8B46659D931F}.Debug|Any CPU.Build.0 = Debug|Any CPU
		{4A6CB39F-2A37-4943-B772-8B46659D931F}.Release|Any CPU.ActiveCfg = Release|Any CPU
		{4A6CB39F-2A37-4943-B772-8B46659D931F}.Release|Any CPU.Build.0 = Release|Any CPU
	EndGlobalSection
	GlobalSection(SolutionProperties) = preSolution
		HideSolutionNode = FALSE
	EndGlobalSection
	GlobalSection(ExtensibilityGlobals) = postSolution
		SolutionGuid = {00B14004-6685-4EC7-B70E-57AD5C7C0E4C}
	EndGlobalSection
EndGlobal
